
Microsoft Visual Studio Solution File, Format Version 12.00
# Visual Studio Version 17
VisualStudioVersion = 17.5.33502.453
MinimumVisualStudioVersion = 10.0.40219.1
Project("{FAE04EC0-301F-11D3-BF4B-00C04F79EFBC}") = "TestDrone2023", "TestDrone2023\TestDrone2023.csproj", "{8625749E-8C8B-496E-A136-1FE652C575E5}"
EndProject
Global
	GlobalSection(SolutionConfigurationPlatforms) = preSolution
		Debug|Any CPU = Debug|Any CPU
		Release|Any CPU = Release|Any CPU
	EndGlobalSection
	GlobalSection(ProjectConfigurationPlatforms) = postSolution
		{8625749E-8C8B-496E-A136-1FE652C575E5}.Debug|Any CPU.ActiveCfg = Debug|Any CPU
		{8625749E-8C8B-496E-A136-1FE652C575E5}.Debug|Any CPU.Build.0 = Debug|Any CPU
		{8625749E-8C8B-496E-A136-1FE652C575E5}.Release|Any CPU.ActiveCfg = Release|Any CPU
		{8625749E-8C8B-496E-A136-1FE652C575E5}.Release|Any CPU.Build.0 = Release|Any CPU
	EndGlobalSection
	GlobalSection(SolutionProperties) = preSolution
		HideSolutionNode = FALSE
	EndGlobalSection
	GlobalSection(ExtensibilityGlobals) = postSolution
		SolutionGuid = {3B93C77E-4415-42D5-8AA1-41EFDFC5C626}
	EndGlobalSection
EndGlobal
